
Microsoft Visual Studio Solution File, Format Version 12.00
# Visual Studio 2012
Project("{FAE04EC0-301F-11D3-BF4B-00C04F79EFBC}") = "RandomExtensions.Windows", "RandomExtensions\RandomExtensions.Windows.csproj", "{51A0AD73-062C-4D8F-AD9F-E5CA28E985B0}"
EndProject
Global
	GlobalSection(SolutionConfigurationPlatforms) = preSolution
		Debug|Any CPU = Debug|Any CPU
		Release|Any CPU = Release|Any CPU
	EndGlobalSection
	GlobalSection(ProjectConfigurationPlatforms) = postSolution
		{51A0AD73-062C-4D8F-AD9F-E5CA28E985B0}.Debug|Any CPU.ActiveCfg = Debug|Any CPU
		{51A0AD73-062C-4D8F-AD9F-E5CA28E985B0}.Debug|Any CPU.Build.0 = Debug|Any CPU
		{51A0AD73-062C-4D8F-AD9F-E5CA28E985B0}.Release|Any CPU.ActiveCfg = Release|Any CPU
		{51A0AD73-062C-4D8F-AD9F-E5CA28E985B0}.Release|Any CPU.Build.0 = Release|Any CPU
	EndGlobalSection
	GlobalSection(MonoDevelopProperties) = preSolution
		StartupItem = RandomExtensions\RandomExtensions.Windows.csproj
	EndGlobalSection
	GlobalSection(SolutionProperties) = preSolution
		HideSolutionNode = FALSE
	EndGlobalSection
EndGlobal
