
Microsoft Visual Studio Solution File, Format Version 12.00
# Visual Studio Version 17
VisualStudioVersion = 17.0.31903.59
MinimumVisualStudioVersion = 10.0.40219.1
Project("{FAE04EC0-301F-11D3-BF4B-00C04F79EFBC}") = "ResolutionBuddy", "ResolutionBuddy\ResolutionBuddy.csproj", "{0270598B-FF9B-4C54-8486-0A7F691A3582}"
EndProject
Project("{FAE04EC0-301F-11D3-BF4B-00C04F79EFBC}") = "ResolutionBuddyExample", "ResolutionBuddyExample\ResolutionBuddyExample.csproj", "{F3C589F8-1441-43D9-B1CB-2A7F7F62F07D}"
EndProject
Global
	GlobalSection(SolutionConfigurationPlatforms) = preSolution
		Debug|Any CPU = Debug|Any CPU
		Debug|x64 = Debug|x64
		Debug|x86 = Debug|x86
		Release|Any CPU = Release|Any CPU
		Release|x64 = Release|x64
		Release|x86 = Release|x86
	EndGlobalSection
	GlobalSection(ProjectConfigurationPlatforms) = postSolution
		{0270598B-FF9B-4C54-8486-0A7F691A3582}.Debug|Any CPU.ActiveCfg = Debug|Any CPU
		{0270598B-FF9B-4C54-8486-0A7F691A3582}.Debug|Any CPU.Build.0 = Debug|Any CPU
		{0270598B-FF9B-4C54-8486-0A7F691A3582}.Debug|x64.ActiveCfg = Debug|Any CPU
		{0270598B-FF9B-4C54-8486-0A7F691A3582}.Debug|x64.Build.0 = Debug|Any CPU
		{0270598B-FF9B-4C54-8486-0A7F691A3582}.Debug|x86.ActiveCfg = Debug|Any CPU
		{0270598B-FF9B-4C54-8486-0A7F691A3582}.Debug|x86.Build.0 = Debug|Any CPU
		{0270598B-FF9B-4C54-8486-0A7F691A3582}.Release|Any CPU.ActiveCfg = Release|Any CPU
		{0270598B-FF9B-4C54-8486-0A7F691A3582}.Release|Any CPU.Build.0 = Release|Any CPU
		{0270598B-FF9B-4C54-8486-0A7F691A3582}.Release|x64.ActiveCfg = Release|Any CPU
		{0270598B-FF9B-4C54-8486-0A7F691A3582}.Release|x64.Build.0 = Release|Any CPU
		{0270598B-FF9B-4C54-8486-0A7F691A3582}.Release|x86.ActiveCfg = Release|Any CPU
		{0270598B-FF9B-4C54-8486-0A7F691A3582}.Release|x86.Build.0 = Release|Any CPU
		{F3C589F8-1441-43D9-B1CB-2A7F7F62F07D}.Debug|Any CPU.ActiveCfg = Debug|Any CPU
		{F3C589F8-1441-43D9-B1CB-2A7F7F62F07D}.Debug|Any CPU.Build.0 = Debug|Any CPU
		{F3C589F8-1441-43D9-B1CB-2A7F7F62F07D}.Debug|x64.ActiveCfg = Debug|Any CPU
		{F3C589F8-1441-43D9-B1CB-2A7F7F62F07D}.Debug|x64.Build.0 = Debug|Any CPU
		{F3C589F8-1441-43D9-B1CB-2A7F7F62F07D}.Debug|x86.ActiveCfg = Debug|Any CPU
		{F3C589F8-1441-43D9-B1CB-2A7F7F62F07D}.Debug|x86.Build.0 = Debug|Any CPU
		{F3C589F8-1441-43D9-B1CB-2A7F7F62F07D}.Release|Any CPU.ActiveCfg = Release|Any CPU
		{F3C589F8-1441-43D9-B1CB-2A7F7F62F07D}.Release|Any CPU.Build.0 = Release|Any CPU
		{F3C589F8-1441-43D9-B1CB-2A7F7F62F07D}.Release|x64.ActiveCfg = Release|Any CPU
		{F3C589F8-1441-43D9-B1CB-2A7F7F62F07D}.Release|x64.Build.0 = Release|Any CPU
		{F3C589F8-1441-43D9-B1CB-2A7F7F62F07D}.Release|x86.ActiveCfg = Release|Any CPU
		{F3C589F8-1441-43D9-B1CB-2A7F7F62F07D}.Release|x86.Build.0 = Release|Any CPU
	EndGlobalSection
	GlobalSection(SolutionProperties) = preSolution
		HideSolutionNode = FALSE
	EndGlobalSection
EndGlobal
