
Microsoft Visual Studio Solution File, Format Version 11.00
# Visual Studio 2010
Project("{FAE04EC0-301F-11D3-BF4B-00C04F79EFBC}") = "ResolutionBuddy.Ouya", "ResolutionBuddy.Ouya.csproj", "{3BFACC81-6B4D-462B-91E2-09349A3619AD}"
EndProject
Project("{FAE04EC0-301F-11D3-BF4B-00C04F79EFBC}") = "Lidgren.Network.Android", "..\externals\MonoGame\ThirdParty\Lidgren.Network\Lidgren.Network.Android.csproj", "{565129E0-4EE5-4F6F-B403-C3484C9740BE}"
EndProject
Project("{FAE04EC0-301F-11D3-BF4B-00C04F79EFBC}") = "Ouya.Console.Api", "..\externals\ouya-csharp\Ouya.Console.Api\Ouya.Console.Api.csproj", "{493A4B6F-98CE-4000-8A0C-4A4726299061}"
EndProject
Project("{FAE04EC0-301F-11D3-BF4B-00C04F79EFBC}") = "MonoGame.Framework.Ouya", "..\externals\MonoGame\MonoGame.Framework\MonoGame.Framework.Ouya.csproj", "{8BEA875D-66D2-4A5F-B137-83D262A3851D}"
EndProject
Global
	GlobalSection(SolutionConfigurationPlatforms) = preSolution
		Debug|Any CPU = Debug|Any CPU
		Release|Any CPU = Release|Any CPU
	EndGlobalSection
	GlobalSection(ProjectConfigurationPlatforms) = postSolution
		{3BFACC81-6B4D-462B-91E2-09349A3619AD}.Debug|Any CPU.ActiveCfg = Debug|Any CPU
		{3BFACC81-6B4D-462B-91E2-09349A3619AD}.Debug|Any CPU.Build.0 = Debug|Any CPU
		{3BFACC81-6B4D-462B-91E2-09349A3619AD}.Release|Any CPU.ActiveCfg = Release|Any CPU
		{3BFACC81-6B4D-462B-91E2-09349A3619AD}.Release|Any CPU.Build.0 = Release|Any CPU
		{493A4B6F-98CE-4000-8A0C-4A4726299061}.Debug|Any CPU.ActiveCfg = Debug|Any CPU
		{493A4B6F-98CE-4000-8A0C-4A4726299061}.Debug|Any CPU.Build.0 = Debug|Any CPU
		{493A4B6F-98CE-4000-8A0C-4A4726299061}.Release|Any CPU.ActiveCfg = Release|Any CPU
		{493A4B6F-98CE-4000-8A0C-4A4726299061}.Release|Any CPU.Build.0 = Release|Any CPU
		{565129E0-4EE5-4F6F-B403-C3484C9740BE}.Debug|Any CPU.ActiveCfg = Debug|Any CPU
		{565129E0-4EE5-4F6F-B403-C3484C9740BE}.Debug|Any CPU.Build.0 = Debug|Any CPU
		{565129E0-4EE5-4F6F-B403-C3484C9740BE}.Release|Any CPU.ActiveCfg = Release|Any CPU
		{565129E0-4EE5-4F6F-B403-C3484C9740BE}.Release|Any CPU.Build.0 = Release|Any CPU
		{8BEA875D-66D2-4A5F-B137-83D262A3851D}.Debug|Any CPU.ActiveCfg = Debug|Any CPU
		{8BEA875D-66D2-4A5F-B137-83D262A3851D}.Debug|Any CPU.Build.0 = Debug|Any CPU
		{8BEA875D-66D2-4A5F-B137-83D262A3851D}.Release|Any CPU.ActiveCfg = Release|Any CPU
		{8BEA875D-66D2-4A5F-B137-83D262A3851D}.Release|Any CPU.Build.0 = Release|Any CPU
	EndGlobalSection
	GlobalSection(MonoDevelopProperties) = preSolution
		StartupItem = ResolutionBuddy.Ouya.csproj
	EndGlobalSection
EndGlobal
