
Microsoft Visual Studio Solution File, Format Version 12.00
# Visual Studio 14
VisualStudioVersion = 14.0.25123.0
MinimumVisualStudioVersion = 10.0.40219.1
Project("{FAE04EC0-301F-11D3-BF4B-00C04F79EFBC}") = "ResolutionBuddy.DesktopGL", "ResolutionBuddy.DesktopGL\ResolutionBuddy.DesktopGL.csproj", "{C70F9E06-3EB4-4EF4-82D8-85F7D013CE30}"
EndProject
Project("{FAE04EC0-301F-11D3-BF4B-00C04F79EFBC}") = "ResolutionBuddy.Android", "ResolutionBuddy.Android\ResolutionBuddy.Android.csproj", "{D899C887-BE45-4B96-9A26-3EC975301FD5}"
EndProject
Project("{FAE04EC0-301F-11D3-BF4B-00C04F79EFBC}") = "ResolutionBuddy.Tests", "ResolutionBuddy.Tests\ResolutionBuddy.Tests.csproj", "{24E7A08B-7F79-4C5C-9065-6C064EC29CF2}"
EndProject
Project("{FAE04EC0-301F-11D3-BF4B-00C04F79EFBC}") = "ResolutionBuddy.iOS", "ResolutionBuddy.iOS\ResolutionBuddy.iOS.csproj", "{045D779E-DC25-43A8-9D97-ABB7D3415386}"
EndProject
Project("{FAE04EC0-301F-11D3-BF4B-00C04F79EFBC}") = "ResolutionBuddy.WindowsUniversal", "ResolutionBuddy.WindowsUniversal\ResolutionBuddy.WindowsUniversal.csproj", "{5F187D74-303D-47E2-888D-08FAE420BDF5}"
EndProject
Project("{2150E333-8FDC-42A3-9474-1A3956D46DE8}") = "Solution Items", "Solution Items", "{5261DCE8-9EB9-4E73-AD09-BB7C4EF5A252}"
	ProjectSection(SolutionItems) = preProject
		buildNugetPackages.ps1 = buildNugetPackages.ps1
		ResolutionBuddy.nuspec = ResolutionBuddy.nuspec
	EndProjectSection
EndProject
Global
	GlobalSection(SolutionConfigurationPlatforms) = preSolution
		AppStore|Any CPU = AppStore|Any CPU
		AppStore|ARM = AppStore|ARM
		AppStore|x64 = AppStore|x64
		AppStore|x86 = AppStore|x86
		Debug|Any CPU = Debug|Any CPU
		Debug|ARM = Debug|ARM
		Debug|x64 = Debug|x64
		Debug|x86 = Debug|x86
		Release|Any CPU = Release|Any CPU
		Release|ARM = Release|ARM
		Release|x64 = Release|x64
		Release|x86 = Release|x86
	EndGlobalSection
	GlobalSection(ProjectConfigurationPlatforms) = postSolution
		{C70F9E06-3EB4-4EF4-82D8-85F7D013CE30}.AppStore|Any CPU.ActiveCfg = Release|Any CPU
		{C70F9E06-3EB4-4EF4-82D8-85F7D013CE30}.AppStore|Any CPU.Build.0 = Release|Any CPU
		{C70F9E06-3EB4-4EF4-82D8-85F7D013CE30}.AppStore|ARM.ActiveCfg = Debug|Any CPU
		{C70F9E06-3EB4-4EF4-82D8-85F7D013CE30}.AppStore|ARM.Build.0 = Debug|Any CPU
		{C70F9E06-3EB4-4EF4-82D8-85F7D013CE30}.AppStore|x64.ActiveCfg = Debug|Any CPU
		{C70F9E06-3EB4-4EF4-82D8-85F7D013CE30}.AppStore|x64.Build.0 = Debug|Any CPU
		{C70F9E06-3EB4-4EF4-82D8-85F7D013CE30}.AppStore|x86.ActiveCfg = Debug|Any CPU
		{C70F9E06-3EB4-4EF4-82D8-85F7D013CE30}.AppStore|x86.Build.0 = Debug|Any CPU
		{C70F9E06-3EB4-4EF4-82D8-85F7D013CE30}.Debug|Any CPU.ActiveCfg = Debug|Any CPU
		{C70F9E06-3EB4-4EF4-82D8-85F7D013CE30}.Debug|Any CPU.Build.0 = Debug|Any CPU
		{C70F9E06-3EB4-4EF4-82D8-85F7D013CE30}.Debug|ARM.ActiveCfg = Debug|Any CPU
		{C70F9E06-3EB4-4EF4-82D8-85F7D013CE30}.Debug|ARM.Build.0 = Debug|Any CPU
		{C70F9E06-3EB4-4EF4-82D8-85F7D013CE30}.Debug|x64.ActiveCfg = Debug|Any CPU
		{C70F9E06-3EB4-4EF4-82D8-85F7D013CE30}.Debug|x64.Build.0 = Debug|Any CPU
		{C70F9E06-3EB4-4EF4-82D8-85F7D013CE30}.Debug|x86.ActiveCfg = Debug|Any CPU
		{C70F9E06-3EB4-4EF4-82D8-85F7D013CE30}.Debug|x86.Build.0 = Debug|Any CPU
		{C70F9E06-3EB4-4EF4-82D8-85F7D013CE30}.Release|Any CPU.ActiveCfg = Release|Any CPU
		{C70F9E06-3EB4-4EF4-82D8-85F7D013CE30}.Release|Any CPU.Build.0 = Release|Any CPU
		{C70F9E06-3EB4-4EF4-82D8-85F7D013CE30}.Release|ARM.ActiveCfg = Release|Any CPU
		{C70F9E06-3EB4-4EF4-82D8-85F7D013CE30}.Release|ARM.Build.0 = Release|Any CPU
		{C70F9E06-3EB4-4EF4-82D8-85F7D013CE30}.Release|x64.ActiveCfg = Release|Any CPU
		{C70F9E06-3EB4-4EF4-82D8-85F7D013CE30}.Release|x64.Build.0 = Release|Any CPU
		{C70F9E06-3EB4-4EF4-82D8-85F7D013CE30}.Release|x86.ActiveCfg = Release|Any CPU
		{C70F9E06-3EB4-4EF4-82D8-85F7D013CE30}.Release|x86.Build.0 = Release|Any CPU
		{D899C887-BE45-4B96-9A26-3EC975301FD5}.AppStore|Any CPU.ActiveCfg = Release|Any CPU
		{D899C887-BE45-4B96-9A26-3EC975301FD5}.AppStore|Any CPU.Build.0 = Release|Any CPU
		{D899C887-BE45-4B96-9A26-3EC975301FD5}.AppStore|ARM.ActiveCfg = Debug|Any CPU
		{D899C887-BE45-4B96-9A26-3EC975301FD5}.AppStore|ARM.Build.0 = Debug|Any CPU
		{D899C887-BE45-4B96-9A26-3EC975301FD5}.AppStore|x64.ActiveCfg = Debug|Any CPU
		{D899C887-BE45-4B96-9A26-3EC975301FD5}.AppStore|x64.Build.0 = Debug|Any CPU
		{D899C887-BE45-4B96-9A26-3EC975301FD5}.AppStore|x86.ActiveCfg = Debug|Any CPU
		{D899C887-BE45-4B96-9A26-3EC975301FD5}.AppStore|x86.Build.0 = Debug|Any CPU
		{D899C887-BE45-4B96-9A26-3EC975301FD5}.Debug|Any CPU.ActiveCfg = Debug|Any CPU
		{D899C887-BE45-4B96-9A26-3EC975301FD5}.Debug|Any CPU.Build.0 = Debug|Any CPU
		{D899C887-BE45-4B96-9A26-3EC975301FD5}.Debug|ARM.ActiveCfg = Debug|Any CPU
		{D899C887-BE45-4B96-9A26-3EC975301FD5}.Debug|ARM.Build.0 = Debug|Any CPU
		{D899C887-BE45-4B96-9A26-3EC975301FD5}.Debug|x64.ActiveCfg = Debug|Any CPU
		{D899C887-BE45-4B96-9A26-3EC975301FD5}.Debug|x64.Build.0 = Debug|Any CPU
		{D899C887-BE45-4B96-9A26-3EC975301FD5}.Debug|x86.ActiveCfg = Debug|Any CPU
		{D899C887-BE45-4B96-9A26-3EC975301FD5}.Debug|x86.Build.0 = Debug|Any CPU
		{D899C887-BE45-4B96-9A26-3EC975301FD5}.Release|Any CPU.ActiveCfg = Release|Any CPU
		{D899C887-BE45-4B96-9A26-3EC975301FD5}.Release|Any CPU.Build.0 = Release|Any CPU
		{D899C887-BE45-4B96-9A26-3EC975301FD5}.Release|ARM.ActiveCfg = Release|Any CPU
		{D899C887-BE45-4B96-9A26-3EC975301FD5}.Release|ARM.Build.0 = Release|Any CPU
		{D899C887-BE45-4B96-9A26-3EC975301FD5}.Release|x64.ActiveCfg = Release|Any CPU
		{D899C887-BE45-4B96-9A26-3EC975301FD5}.Release|x64.Build.0 = Release|Any CPU
		{D899C887-BE45-4B96-9A26-3EC975301FD5}.Release|x86.ActiveCfg = Release|Any CPU
		{D899C887-BE45-4B96-9A26-3EC975301FD5}.Release|x86.Build.0 = Release|Any CPU
		{24E7A08B-7F79-4C5C-9065-6C064EC29CF2}.AppStore|Any CPU.ActiveCfg = Release|Any CPU
		{24E7A08B-7F79-4C5C-9065-6C064EC29CF2}.AppStore|Any CPU.Build.0 = Release|Any CPU
		{24E7A08B-7F79-4C5C-9065-6C064EC29CF2}.AppStore|ARM.ActiveCfg = Debug|Any CPU
		{24E7A08B-7F79-4C5C-9065-6C064EC29CF2}.AppStore|ARM.Build.0 = Debug|Any CPU
		{24E7A08B-7F79-4C5C-9065-6C064EC29CF2}.AppStore|x64.ActiveCfg = Debug|Any CPU
		{24E7A08B-7F79-4C5C-9065-6C064EC29CF2}.AppStore|x64.Build.0 = Debug|Any CPU
		{24E7A08B-7F79-4C5C-9065-6C064EC29CF2}.AppStore|x86.ActiveCfg = Debug|Any CPU
		{24E7A08B-7F79-4C5C-9065-6C064EC29CF2}.AppStore|x86.Build.0 = Debug|Any CPU
		{24E7A08B-7F79-4C5C-9065-6C064EC29CF2}.Debug|Any CPU.ActiveCfg = Debug|Any CPU
		{24E7A08B-7F79-4C5C-9065-6C064EC29CF2}.Debug|Any CPU.Build.0 = Debug|Any CPU
		{24E7A08B-7F79-4C5C-9065-6C064EC29CF2}.Debug|ARM.ActiveCfg = Debug|Any CPU
		{24E7A08B-7F79-4C5C-9065-6C064EC29CF2}.Debug|ARM.Build.0 = Debug|Any CPU
		{24E7A08B-7F79-4C5C-9065-6C064EC29CF2}.Debug|x64.ActiveCfg = Debug|Any CPU
		{24E7A08B-7F79-4C5C-9065-6C064EC29CF2}.Debug|x64.Build.0 = Debug|Any CPU
		{24E7A08B-7F79-4C5C-9065-6C064EC29CF2}.Debug|x86.ActiveCfg = Debug|Any CPU
		{24E7A08B-7F79-4C5C-9065-6C064EC29CF2}.Debug|x86.Build.0 = Debug|Any CPU
		{24E7A08B-7F79-4C5C-9065-6C064EC29CF2}.Release|Any CPU.ActiveCfg = Release|Any CPU
		{24E7A08B-7F79-4C5C-9065-6C064EC29CF2}.Release|Any CPU.Build.0 = Release|Any CPU
		{24E7A08B-7F79-4C5C-9065-6C064EC29CF2}.Release|ARM.ActiveCfg = Release|Any CPU
		{24E7A08B-7F79-4C5C-9065-6C064EC29CF2}.Release|ARM.Build.0 = Release|Any CPU
		{24E7A08B-7F79-4C5C-9065-6C064EC29CF2}.Release|x64.ActiveCfg = Release|Any CPU
		{24E7A08B-7F79-4C5C-9065-6C064EC29CF2}.Release|x64.Build.0 = Release|Any CPU
		{24E7A08B-7F79-4C5C-9065-6C064EC29CF2}.Release|x86.ActiveCfg = Release|Any CPU
		{24E7A08B-7F79-4C5C-9065-6C064EC29CF2}.Release|x86.Build.0 = Release|Any CPU
		{045D779E-DC25-43A8-9D97-ABB7D3415386}.AppStore|Any CPU.ActiveCfg = Release|Any CPU
		{045D779E-DC25-43A8-9D97-ABB7D3415386}.AppStore|Any CPU.Build.0 = Release|Any CPU
		{045D779E-DC25-43A8-9D97-ABB7D3415386}.AppStore|ARM.ActiveCfg = Release|Any CPU
		{045D779E-DC25-43A8-9D97-ABB7D3415386}.AppStore|ARM.Build.0 = Release|Any CPU
		{045D779E-DC25-43A8-9D97-ABB7D3415386}.AppStore|x64.ActiveCfg = Release|Any CPU
		{045D779E-DC25-43A8-9D97-ABB7D3415386}.AppStore|x64.Build.0 = Release|Any CPU
		{045D779E-DC25-43A8-9D97-ABB7D3415386}.AppStore|x86.ActiveCfg = Release|Any CPU
		{045D779E-DC25-43A8-9D97-ABB7D3415386}.AppStore|x86.Build.0 = Release|Any CPU
		{045D779E-DC25-43A8-9D97-ABB7D3415386}.Debug|Any CPU.ActiveCfg = Debug|Any CPU
		{045D779E-DC25-43A8-9D97-ABB7D3415386}.Debug|Any CPU.Build.0 = Debug|Any CPU
		{045D779E-DC25-43A8-9D97-ABB7D3415386}.Debug|ARM.ActiveCfg = Debug|Any CPU
		{045D779E-DC25-43A8-9D97-ABB7D3415386}.Debug|ARM.Build.0 = Debug|Any CPU
		{045D779E-DC25-43A8-9D97-ABB7D3415386}.Debug|x64.ActiveCfg = Debug|Any CPU
		{045D779E-DC25-43A8-9D97-ABB7D3415386}.Debug|x64.Build.0 = Debug|Any CPU
		{045D779E-DC25-43A8-9D97-ABB7D3415386}.Debug|x86.ActiveCfg = Debug|Any CPU
		{045D779E-DC25-43A8-9D97-ABB7D3415386}.Debug|x86.Build.0 = Debug|Any CPU
		{045D779E-DC25-43A8-9D97-ABB7D3415386}.Release|Any CPU.ActiveCfg = Release|Any CPU
		{045D779E-DC25-43A8-9D97-ABB7D3415386}.Release|Any CPU.Build.0 = Release|Any CPU
		{045D779E-DC25-43A8-9D97-ABB7D3415386}.Release|ARM.ActiveCfg = Release|Any CPU
		{045D779E-DC25-43A8-9D97-ABB7D3415386}.Release|ARM.Build.0 = Release|Any CPU
		{045D779E-DC25-43A8-9D97-ABB7D3415386}.Release|x64.ActiveCfg = Release|Any CPU
		{045D779E-DC25-43A8-9D97-ABB7D3415386}.Release|x64.Build.0 = Release|Any CPU
		{045D779E-DC25-43A8-9D97-ABB7D3415386}.Release|x86.ActiveCfg = Release|Any CPU
		{045D779E-DC25-43A8-9D97-ABB7D3415386}.Release|x86.Build.0 = Release|Any CPU
		{5F187D74-303D-47E2-888D-08FAE420BDF5}.AppStore|Any CPU.ActiveCfg = Release|Any CPU
		{5F187D74-303D-47E2-888D-08FAE420BDF5}.AppStore|Any CPU.Build.0 = Release|Any CPU
		{5F187D74-303D-47E2-888D-08FAE420BDF5}.AppStore|ARM.ActiveCfg = Release|ARM
		{5F187D74-303D-47E2-888D-08FAE420BDF5}.AppStore|ARM.Build.0 = Release|ARM
		{5F187D74-303D-47E2-888D-08FAE420BDF5}.AppStore|x64.ActiveCfg = Release|x64
		{5F187D74-303D-47E2-888D-08FAE420BDF5}.AppStore|x64.Build.0 = Release|x64
		{5F187D74-303D-47E2-888D-08FAE420BDF5}.AppStore|x86.ActiveCfg = Release|x86
		{5F187D74-303D-47E2-888D-08FAE420BDF5}.AppStore|x86.Build.0 = Release|x86
		{5F187D74-303D-47E2-888D-08FAE420BDF5}.Debug|Any CPU.ActiveCfg = Debug|Any CPU
		{5F187D74-303D-47E2-888D-08FAE420BDF5}.Debug|Any CPU.Build.0 = Debug|Any CPU
		{5F187D74-303D-47E2-888D-08FAE420BDF5}.Debug|ARM.ActiveCfg = Debug|ARM
		{5F187D74-303D-47E2-888D-08FAE420BDF5}.Debug|ARM.Build.0 = Debug|ARM
		{5F187D74-303D-47E2-888D-08FAE420BDF5}.Debug|x64.ActiveCfg = Debug|x64
		{5F187D74-303D-47E2-888D-08FAE420BDF5}.Debug|x64.Build.0 = Debug|x64
		{5F187D74-303D-47E2-888D-08FAE420BDF5}.Debug|x86.ActiveCfg = Debug|x86
		{5F187D74-303D-47E2-888D-08FAE420BDF5}.Debug|x86.Build.0 = Debug|x86
		{5F187D74-303D-47E2-888D-08FAE420BDF5}.Release|Any CPU.ActiveCfg = Release|Any CPU
		{5F187D74-303D-47E2-888D-08FAE420BDF5}.Release|Any CPU.Build.0 = Release|Any CPU
		{5F187D74-303D-47E2-888D-08FAE420BDF5}.Release|ARM.ActiveCfg = Release|ARM
		{5F187D74-303D-47E2-888D-08FAE420BDF5}.Release|ARM.Build.0 = Release|ARM
		{5F187D74-303D-47E2-888D-08FAE420BDF5}.Release|x64.ActiveCfg = Release|x64
		{5F187D74-303D-47E2-888D-08FAE420BDF5}.Release|x64.Build.0 = Release|x64
		{5F187D74-303D-47E2-888D-08FAE420BDF5}.Release|x86.ActiveCfg = Release|x86
		{5F187D74-303D-47E2-888D-08FAE420BDF5}.Release|x86.Build.0 = Release|x86
	EndGlobalSection
	GlobalSection(SolutionProperties) = preSolution
		HideSolutionNode = FALSE
	EndGlobalSection
EndGlobal
